// !$*UTF8*$!
{
	archiveVersion = 1;
	classes = {
	};
	objectVersion = 46;
	objects = {

/* Begin PBXBuildFile section */
		A56335861A87407A009B557F /* main.m in Sources */ = {isa = PBXBuildFile; fileRef = A56335851A87407A009B557F /* main.m */; };
		A56335891A87407A009B557F /* AppDelegate.m in Sources */ = {isa = PBXBuildFile; fileRef = A56335881A87407A009B557F /* AppDelegate.m */; };
		A563358C1A87407A009B557F /* ViewController.m in Sources */ = {isa = PBXBuildFile; fileRef = A563358B1A87407A009B557F /* ViewController.m */; };
		A563358F1A87407A009B557F /* Main.storyboard in Resources */ = {isa = PBXBuildFile; fileRef = A563358D1A87407A009B557F /* Main.storyboard */; };
		A56335911A87407A009B557F /* Images.xcassets in Resources */ = {isa = PBXBuildFile; fileRef = A56335901A87407A009B557F /* Images.xcassets */; };
		A56335941A87407A009B557F /* LaunchScreen.xib in Resources */ = {isa = PBXBuildFile; fileRef = A56335921A87407A009B557F /* LaunchScreen.xib */; };
		A56335A01A87407A009B557F /* TwitterTests.m in Sources */ = {isa = PBXBuildFile; fileRef = A563359F1A87407A009B557F /* TwitterTests.m */; };
/* End PBXBuildFile section */

/* Begin PBXContainerItemProxy section */
		A563359A1A87407A009B557F /* PBXContainerItemProxy */ = {
			isa = PBXContainerItemProxy;
			containerPortal = A56335781A87407A009B557F /* Project object */;
			proxyType = 1;
			remoteGlobalIDString = A563357F1A87407A009B557F;
			remoteInfo = Twitter;
		};
/* End PBXContainerItemProxy section */

/* Begin PBXFileReference section */
		A56335801A87407A009B557F /* Twitter.app */ = {isa = PBXFileReference; explicitFileType = wrapper.application; includeInIndex = 0; path = Twitter.app; sourceTree = BUILT_PRODUCTS_DIR; };
		A56335841A87407A009B557F /* Info.plist */ = {isa = PBXFileReference; lastKnownFileType = text.plist.xml; path = Info.plist; sourceTree = "<group>"; };
		A56335851A87407A009B557F /* main.m */ = {isa = PBXFileReference; lastKnownFileType = sourcecode.c.objc; path = main.m; sourceTree = "<group>"; };
		A56335871A87407A009B557F /* AppDelegate.h */ = {isa = PBXFileReference; lastKnownFileType = sourcecode.c.h; path = AppDelegate.h; sourceTree = "<group>"; };
		A56335881A87407A009B557F /* AppDelegate.m */ = {isa = PBXFileReference; lastKnownFileType = sourcecode.c.objc; path = AppDelegate.m; sourceTree = "<group>"; };
		A563358A1A87407A009B557F /* ViewController.h */ = {isa = PBXFileReference; lastKnownFileType = sourcecode.c.h; path = ViewController.h; sourceTree = "<group>"; };
		A563358B1A87407A009B557F /* ViewController.m */ = {isa = PBXFileReference; lastKnownFileType = sourcecode.c.objc; path = ViewController.m; sourceTree = "<group>"; };
		A563358E1A87407A009B557F /* Base */ = {isa = PBXFileReference; lastKnownFileType = file.storyboard; name = Base; path = Base.lproj/Main.storyboard; sourceTree = "<group>"; };
		A56335901A87407A009B557F /* Images.xcassets */ = {isa = PBXFileReference; lastKnownFileType = folder.assetcatalog; path = Images.xcassets; sourceTree = "<group>"; };
		A56335931A87407A009B557F /* Base */ = {isa = PBXFileReference; lastKnownFileType = file.xib; name = Base; path = Base.lproj/LaunchScreen.xib; sourceTree = "<group>"; };
		A56335991A87407A009B557F /* TwitterTests.xctest */ = {isa = PBXFileReference; explicitFileType = wrapper.cfbundle; includeInIndex = 0; path = TwitterTests.xctest; sourceTree = BUILT_PRODUCTS_DIR; };
		A563359E1A87407A009B557F /* Info.plist */ = {isa = PBXFileReference; lastKnownFileType = text.plist.xml; path = Info.plist; sourceTree = "<group>"; };
		A563359F1A87407A009B557F /* TwitterTests.m */ = {isa = PBXFileReference; lastKnownFileType = sourcecode.c.objc; path = TwitterTests.m; sourceTree = "<group>"; };
/* End PBXFileReference section */

/* Begin PBXFrameworksBuildPhase section */
		A563357D1A87407A009B557F /* Frameworks */ = {
			isa = PBXFrameworksBuildPhase;
			buildActionMask = 2147483647;
			files = (
			);
			runOnlyForDeploymentPostprocessing = 0;
		};
		A56335961A87407A009B557F /* Frameworks */ = {
			isa = PBXFrameworksBuildPhase;
			buildActionMask = 2147483647;
			files = (
			);
			runOnlyForDeploymentPostprocessing = 0;
		};
/* End PBXFrameworksBuildPhase section */

/* Begin PBXGroup section */
		A56335771A87407A009B557F = {
			isa = PBXGroup;
			children = (
				A56335821A87407A009B557F /* Twitter */,
				A563359C1A87407A009B557F /* TwitterTests */,
				A56335811A87407A009B557F /* Products */,
			);
			sourceTree = "<group>";
		};
		A56335811A87407A009B557F /* Products */ = {
			isa = PBXGroup;
			children = (
				A56335801A87407A009B557F /* Twitter.app */,
				A56335991A87407A009B557F /* TwitterTests.xctest */,
			);
			name = Products;
			sourceTree = "<group>";
		};
		A56335821A87407A009B557F /* Twitter */ = {
			isa = PBXGroup;
			children = (
				A56335871A87407A009B557F /* AppDelegate.h */,
				A56335881A87407A009B557F /* AppDelegate.m */,
				A563358A1A87407A009B557F /* ViewController.h */,
				A563358B1A87407A009B557F /* ViewController.m */,
				A563358D1A87407A009B557F /* Main.storyboard */,
				A56335901A87407A009B557F /* Images.xcassets */,
				A56335921A87407A009B557F /* LaunchScreen.xib */,
				A56335831A87407A009B557F /* Supporting Files */,
			);
			path = Twitter;
			sourceTree = "<group>";
		};
		A56335831A87407A009B557F /* Supporting Files */ = {
			isa = PBXGroup;
			children = (
				A56335841A87407A009B557F /* Info.plist */,
				A56335851A87407A009B557F /* main.m */,
			);
			name = "Supporting Files";
			sourceTree = "<group>";
		};
		A563359C1A87407A009B557F /* TwitterTests */ = {
			isa = PBXGroup;
			children = (
				A563359F1A87407A009B557F /* TwitterTests.m */,
				A563359D1A87407A009B557F /* Supporting Files */,
			);
			path = TwitterTests;
			sourceTree = "<group>";
		};
		A563359D1A87407A009B557F /* Supporting Files */ = {
			isa = PBXGroup;
			children = (
				A563359E1A87407A009B557F /* Info.plist */,
			);
			name = "Supporting Files";
			sourceTree = "<group>";
		};
/* End PBXGroup section */

/* Begin PBXNativeTarget section */
		A563357F1A87407A009B557F /* Twitter */ = {
			isa = PBXNativeTarget;
			buildConfigurationList = A56335A31A87407A009B557F /* Build configuration list for PBXNativeTarget "Twitter" */;
			buildPhases = (
				A563357C1A87407A009B557F /* Sources */,
				A563357D1A87407A009B557F /* Frameworks */,
				A563357E1A87407A009B557F /* Resources */,
			);
			buildRules = (
			);
			dependencies = (
			);
			name = Twitter;
			productName = Twitter;
			productReference = A56335801A87407A009B557F /* Twitter.app */;
			productType = "com.apple.product-type.application";
		};
		A56335981A87407A009B557F /* TwitterTests */ = {
			isa = PBXNativeTarget;
			buildConfigurationList = A56335A61A87407A009B557F /* Build configuration list for PBXNativeTarget "TwitterTests" */;
			buildPhases = (
				A56335951A87407A009B557F /* Sources */,
				A56335961A87407A009B557F /* Frameworks */,
				A56335971A87407A009B557F /* Resources */,
			);
			buildRules = (
			);
			dependencies = (
				A563359B1A87407A009B557F /* PBXTargetDependency */,
			);
			name = TwitterTests;
			productName = TwitterTests;
			productReference = A56335991A87407A009B557F /* TwitterTests.xctest */;
			productType = "com.apple.product-type.bundle.unit-test";
		};
/* End PBXNativeTarget section */

/* Begin PBXProject section */
		A56335781A87407A009B557F /* Project object */ = {
			isa = PBXProject;
			attributes = {
				LastUpgradeCheck = 0610;
				ORGANIZATIONNAME = "Yahoo Inc.";
				TargetAttributes = {
					A563357F1A87407A009B557F = {
						CreatedOnToolsVersion = 6.1.1;
					};
					A56335981A87407A009B557F = {
						CreatedOnToolsVersion = 6.1.1;
						TestTargetID = A563357F1A87407A009B557F;
					};
				};
			};
			buildConfigurationList = A563357B1A87407A009B557F /* Build configuration list for PBXProject "Twitter" */;
			compatibilityVersion = "Xcode 3.2";
			developmentRegion = English;
			hasScannedForEncodings = 0;
			knownRegions = (
				en,
				Base,
			);
			mainGroup = A56335771A87407A009B557F;
			productRefGroup = A56335811A87407A009B557F /* Products */;
			projectDirPath = "";
			projectRoot = "";
			targets = (
				A563357F1A87407A009B557F /* Twitter */,
				A56335981A87407A009B557F /* TwitterTests */,
			);
		};
/* End PBXProject section */

/* Begin PBXResourcesBuildPhase section */
		A563357E1A87407A009B557F /* Resources */ = {
			isa = PBXResourcesBuildPhase;
			buildActionMask = 2147483647;
			files = (
				A563358F1A87407A009B557F /* Main.storyboard in Resources */,
				A56335941A87407A009B557F /* LaunchScreen.xib in Resources */,
				A56335911A87407A009B557F /* Images.xcassets in Resources */,
			);
			runOnlyForDeploymentPostprocessing = 0;
		};
		A56335971A87407A009B557F /* Resources */ = {
			isa = PBXResourcesBuildPhase;
			buildActionMask = 2147483647;
			files = (
			);
			runOnlyForDeploymentPostprocessing = 0;
		};
/* End PBXResourcesBuildPhase section */

/* Begin PBXSourcesBuildPhase section */
		A563357C1A87407A009B557F /* Sources */ = {
			isa = PBXSourcesBuildPhase;
			buildActionMask = 2147483647;
			files = (
				A563358C1A87407A009B557F /* ViewController.m in Sources */,
				A56335891A87407A009B557F /* AppDelegate.m in Sources */,
				A56335861A87407A009B557F /* main.m in Sources */,
			);
			runOnlyForDeploymentPostprocessing = 0;
		};
		A56335951A87407A009B557F /* Sources */ = {
			isa = PBXSourcesBuildPhase;
			buildActionMask = 2147483647;
			files = (
				A56335A01A87407A009B557F /* TwitterTests.m in Sources */,
			);
			runOnlyForDeploymentPostprocessing = 0;
		};
/* End PBXSourcesBuildPhase section */

/* Begin PBXTargetDependency section */
		A563359B1A87407A009B557F /* PBXTargetDependency */ = {
			isa = PBXTargetDependency;
			target = A563357F1A87407A009B557F /* Twitter */;
			targetProxy = A563359A1A87407A009B557F /* PBXContainerItemProxy */;
		};
/* End PBXTargetDependency section */

/* Begin PBXVariantGroup section */
		A563358D1A87407A009B557F /* Main.storyboard */ = {
			isa = PBXVariantGroup;
			children = (
				A563358E1A87407A009B557F /* Base */,
			);
			name = Main.storyboard;
			sourceTree = "<group>";
		};
		A56335921A87407A009B557F /* LaunchScreen.xib */ = {
			isa = PBXVariantGroup;
			children = (
				A56335931A87407A009B557F /* Base */,
			);
			name = LaunchScreen.xib;
			sourceTree = "<group>";
		};
/* End PBXVariantGroup section */

/* Begin XCBuildConfiguration section */
		A56335A11A87407A009B557F /* Debug */ = {
			isa = XCBuildConfiguration;
			buildSettings = {
				ALWAYS_SEARCH_USER_PATHS = NO;
				CLANG_CXX_LANGUAGE_STANDARD = "gnu++0x";
				CLANG_CXX_LIBRARY = "libc++";
				CLANG_ENABLE_MODULES = YES;
				CLANG_ENABLE_OBJC_ARC = YES;
				CLANG_WARN_BOOL_CONVERSION = YES;
				CLANG_WARN_CONSTANT_CONVERSION = YES;
				CLANG_WARN_DIRECT_OBJC_ISA_USAGE = YES_ERROR;
				CLANG_WARN_EMPTY_BODY = YES;
				CLANG_WARN_ENUM_CONVERSION = YES;
				CLANG_WARN_INT_CONVERSION = YES;
				CLANG_WARN_OBJC_ROOT_CLASS = YES_ERROR;
				CLANG_WARN_UNREACHABLE_CODE = YES;
				CLANG_WARN__DUPLICATE_METHOD_MATCH = YES;
				"CODE_SIGN_IDENTITY[sdk=iphoneos*]" = "iPhone Developer";
				COPY_PHASE_STRIP = NO;
				ENABLE_STRICT_OBJC_MSGSEND = YES;
				GCC_C_LANGUAGE_STANDARD = gnu99;
				GCC_DYNAMIC_NO_PIC = NO;
				GCC_OPTIMIZATION_LEVEL = 0;
				GCC_PREPROCESSOR_DEFINITIONS = (
					"DEBUG=1",
					"$(inherited)",
				);
				GCC_SYMBOLS_PRIVATE_EXTERN = NO;
				GCC_WARN_64_TO_32_BIT_CONVERSION = YES;
				GCC_WARN_ABOUT_RETURN_TYPE = YES_ERROR;
				GCC_WARN_UNDECLARED_SELECTOR = YES;
				GCC_WARN_UNINITIALIZED_AUTOS = YES_AGGRESSIVE;
				GCC_WARN_UNUSED_FUNCTION = YES;
				GCC_WARN_UNUSED_VARIABLE = YES;
				IPHONEOS_DEPLOYMENT_TARGET = 8.1;
				MTL_ENABLE_DEBUG_INFO = YES;
				ONLY_ACTIVE_ARCH = YES;
				SDKROOT = iphoneos;
			};
			name = Debug;
		};
		A56335A21A87407A009B557F /* Release */ = {
			isa = XCBuildConfiguration;
			buildSettings = {
				ALWAYS_SEARCH_USER_PATHS = NO;
				CLANG_CXX_LANGUAGE_STANDARD = "gnu++0x";
				CLANG_CXX_LIBRARY = "libc++";
				CLANG_ENABLE_MODULES = YES;
				CLANG_ENABLE_OBJC_ARC = YES;
				CLANG_WARN_BOOL_CONVERSION = YES;
				CLANG_WARN_CONSTANT_CONVERSION = YES;
				CLANG_WARN_DIRECT_OBJC_ISA_USAGE = YES_ERROR;
				CLANG_WARN_EMPTY_BODY = YES;
				CLANG_WARN_ENUM_CONVERSION = YES;
				CLANG_WARN_INT_CONVERSION = YES;
				CLANG_WARN_OBJC_ROOT_CLASS = YES_ERROR;
				CLANG_WARN_UNREACHABLE_CODE = YES;
				CLANG_WARN__DUPLICATE_METHOD_MATCH = YES;
				"CODE_SIGN_IDENTITY[sdk=iphoneos*]" = "iPhone Developer";
				COPY_PHASE_STRIP = YES;
				ENABLE_NS_ASSERTIONS = NO;
				ENABLE_STRICT_OBJC_MSGSEND = YES;
				GCC_C_LANGUAGE_STANDARD = gnu99;
				GCC_WARN_64_TO_32_BIT_CONVERSION = YES;
				GCC_WARN_ABOUT_RETURN_TYPE = YES_ERROR;
				GCC_WARN_UNDECLARED_SELECTOR = YES;
				GCC_WARN_UNINITIALIZED_AUTOS = YES_AGGRESSIVE;
				GCC_WARN_UNUSED_FUNCTION = YES;
				GCC_WARN_UNUSED_VARIABLE = YES;
				IPHONEOS_DEPLOYMENT_TARGET = 8.1;
				MTL_ENABLE_DEBUG_INFO = NO;
				SDKROOT = iphoneos;
				VALIDATE_PRODUCT = YES;
			};
			name = Release;
		};
		A56335A41A87407A009B557F /* Debug */ = {
			isa = XCBuildConfiguration;
			buildSettings = {
				ASSETCATALOG_COMPILER_APPICON_NAME = AppIcon;
				INFOPLIST_FILE = Twitter/Info.plist;
				LD_RUNPATH_SEARCH_PATHS = "$(inherited) @executable_path/Frameworks";
				PRODUCT_NAME = "$(TARGET_NAME)";
			};
			name = Debug;
		};
		A56335A51A87407A009B557F /* Release */ = {
			isa = XCBuildConfiguration;
			buildSettings = {
				ASSETCATALOG_COMPILER_APPICON_NAME = AppIcon;
				INFOPLIST_FILE = Twitter/Info.plist;
				LD_RUNPATH_SEARCH_PATHS = "$(inherited) @executable_path/Frameworks";
				PRODUCT_NAME = "$(TARGET_NAME)";
			};
			name = Release;
		};
		A56335A71A87407A009B557F /* Debug */ = {
			isa = XCBuildConfiguration;
			buildSettings = {
				BUNDLE_LOADER = "$(TEST_HOST)";
				FRAMEWORK_SEARCH_PATHS = (
					"$(SDKROOT)/Developer/Library/Frameworks",
					"$(inherited)",
				);
				GCC_PREPROCESSOR_DEFINITIONS = (
					"DEBUG=1",
					"$(inherited)",
				);
				INFOPLIST_FILE = TwitterTests/Info.plist;
				LD_RUNPATH_SEARCH_PATHS = "$(inherited) @executable_path/Frameworks @loader_path/Frameworks";
				PRODUCT_NAME = "$(TARGET_NAME)";
				TEST_HOST = "$(BUILT_PRODUCTS_DIR)/Twitter.app/Twitter";
			};
			name = Debug;
		};
		A56335A81A87407A009B557F /* Release */ = {
			isa = XCBuildConfiguration;
			buildSettings = {
				BUNDLE_LOADER = "$(TEST_HOST)";
				FRAMEWORK_SEARCH_PATHS = (
					"$(SDKROOT)/Developer/Library/Frameworks",
					"$(inherited)",
				);
				INFOPLIST_FILE = TwitterTests/Info.plist;
				LD_RUNPATH_SEARCH_PATHS = "$(inherited) @executable_path/Frameworks @loader_path/Frameworks";
				PRODUCT_NAME = "$(TARGET_NAME)";
				TEST_HOST = "$(BUILT_PRODUCTS_DIR)/Twitter.app/Twitter";
			};
			name = Release;
		};
/* End XCBuildConfiguration section */

/* Begin XCConfigurationList section */
		A563357B1A87407A009B557F /* Build configuration list for PBXProject "Twitter" */ = {
			isa = XCConfigurationList;
			buildConfigurations = (
				A56335A11A87407A009B557F /* Debug */,
				A56335A21A87407A009B557F /* Release */,
			);
			defaultConfigurationIsVisible = 0;
			defaultConfigurationName = Release;
		};
		A56335A31A87407A009B557F /* Build configuration list for PBXNativeTarget "Twitter" */ = {
			isa = XCConfigurationList;
			buildConfigurations = (
				A56335A41A87407A009B557F /* Debug */,
				A56335A51A87407A009B557F /* Release */,
			);
			defaultConfigurationIsVisible = 0;
		};
		A56335A61A87407A009B557F /* Build configuration list for PBXNativeTarget "TwitterTests" */ = {
			isa = XCConfigurationList;
			buildConfigurations = (
				A56335A71A87407A009B557F /* Debug */,
				A56335A81A87407A009B557F /* Release */,
			);
			defaultConfigurationIsVisible = 0;
		};
/* End XCConfigurationList section */
	};
	rootObject = A56335781A87407A009B557F /* Project object */;
}
